
Microsoft Visual Studio Solution File, Format Version 12.00
# Visual Studio Version 17
VisualStudioVersion = 17.0.31903.59
MinimumVisualStudioVersion = 10.0.40219.1
Project("{9A19103F-16F7-4668-BE54-9A1E7A4F7556}") = "DependencyWalker", "DependencyWalker\DependencyWalker.csproj", "{EFBC4A3F-5FA8-45A8-91C3-EC836C9F49AD}"
EndProject
Project("{9A19103F-16F7-4668-BE54-9A1E7A4F7556}") = "DependencyWalker.Cli", "DependencyWalker.Net.Cli\DependencyWalker.Cli.csproj", "{4194628B-B3C2-4DC7-B686-2F23FB8A4C20}"
EndProject
Global
	GlobalSection(SolutionConfigurationPlatforms) = preSolution
		Debug|Any CPU = Debug|Any CPU
		Release|Any CPU = Release|Any CPU
	EndGlobalSection
	GlobalSection(ProjectConfigurationPlatforms) = postSolution
		{EFBC4A3F-5FA8-45A8-91C3-EC836C9F49AD}.Debug|Any CPU.ActiveCfg = Debug|Any CPU
		{EFBC4A3F-5FA8-45A8-91C3-EC836C9F49AD}.Debug|Any CPU.Build.0 = Debug|Any CPU
		{EFBC4A3F-5FA8-45A8-91C3-EC836C9F49AD}.Release|Any CPU.ActiveCfg = Release|Any CPU
		{EFBC4A3F-5FA8-45A8-91C3-EC836C9F49AD}.Release|Any CPU.Build.0 = Release|Any CPU
		{4194628B-B3C2-4DC7-B686-2F23FB8A4C20}.Debug|Any CPU.ActiveCfg = Debug|Any CPU
		{4194628B-B3C2-4DC7-B686-2F23FB8A4C20}.Debug|Any CPU.Build.0 = Debug|Any CPU
		{4194628B-B3C2-4DC7-B686-2F23FB8A4C20}.Release|Any CPU.ActiveCfg = Release|Any CPU
		{4194628B-B3C2-4DC7-B686-2F23FB8A4C20}.Release|Any CPU.Build.0 = Release|Any CPU
	EndGlobalSection
	GlobalSection(SolutionProperties) = preSolution
		HideSolutionNode = FALSE
	EndGlobalSection
	GlobalSection(ExtensibilityGlobals) = postSolution
		SolutionGuid = {1A01B617-FBCD-48E0-9F59-F02E2557AAB7}
	EndGlobalSection
EndGlobal
